
Microsoft Visual Studio Solution File, Format Version 12.00
# Visual Studio Version 17
VisualStudioVersion = 17.8.34330.188
MinimumVisualStudioVersion = 10.0.40219.1
Project("{9A19103F-16F7-4668-BE54-9A1E7A4F7556}") = "Balta.Localizacao.Core", "src\Balta.Localizacao.Core\Balta.Localizacao.Core.csproj", "{B7CE933B-E7A5-4572-85EC-952D28CA6757}"
EndProject
Project("{9A19103F-16F7-4668-BE54-9A1E7A4F7556}") = "Balta.Localizacao.PresentationLayer", "src\Balta.Localizacao.PresentationLayer\Balta.Localizacao.PresentationLayer.csproj", "{EE7EE25E-4525-47D1-9C59-9795AA9E248E}"
EndProject
Project("{9A19103F-16F7-4668-BE54-9A1E7A4F7556}") = "Balta.Localizacao.Domain", "src\Balta.Localizacao.Domain\Balta.Localizacao.Domain.csproj", "{1FC2538A-602B-455B-BFE8-9DFCA1A24601}"
EndProject
Project("{9A19103F-16F7-4668-BE54-9A1E7A4F7556}") = "Balta.Localizacao.DAL", "src\Balta.Localizacao.DAL\Balta.Localizacao.DAL.csproj", "{DF77E259-7968-493B-A841-AB0EEC1DDD9E}"
EndProject
Project("{9A19103F-16F7-4668-BE54-9A1E7A4F7556}") = "Balta.Localizacao.ApplicationLayer", "src\Balta.Localizacao.ApplicationLayer\Balta.Localizacao.ApplicationLayer.csproj", "{3E2C610C-7090-4816-898C-BE341AE4F51E}"
EndProject
Project("{FAE04EC0-301F-11D3-BF4B-00C04F79EFBC}") = "Balta.Localizacao.ApplicationLayer.Testes", "test\Balta.Localizacao.ApplicationLayer.Testes\Balta.Localizacao.ApplicationLayer.Testes.csproj", "{71683A79-DCDB-48D5-A8C5-12ADF41557A0}"
EndProject
Global
	GlobalSection(SolutionConfigurationPlatforms) = preSolution
		Debug|Any CPU = Debug|Any CPU
		Release|Any CPU = Release|Any CPU
	EndGlobalSection
	GlobalSection(ProjectConfigurationPlatforms) = postSolution
		{B7CE933B-E7A5-4572-85EC-952D28CA6757}.Debug|Any CPU.ActiveCfg = Debug|Any CPU
		{B7CE933B-E7A5-4572-85EC-952D28CA6757}.Debug|Any CPU.Build.0 = Debug|Any CPU
		{B7CE933B-E7A5-4572-85EC-952D28CA6757}.Release|Any CPU.ActiveCfg = Release|Any CPU
		{B7CE933B-E7A5-4572-85EC-952D28CA6757}.Release|Any CPU.Build.0 = Release|Any CPU
		{EE7EE25E-4525-47D1-9C59-9795AA9E248E}.Debug|Any CPU.ActiveCfg = Debug|Any CPU
		{EE7EE25E-4525-47D1-9C59-9795AA9E248E}.Debug|Any CPU.Build.0 = Debug|Any CPU
		{EE7EE25E-4525-47D1-9C59-9795AA9E248E}.Release|Any CPU.ActiveCfg = Release|Any CPU
		{EE7EE25E-4525-47D1-9C59-9795AA9E248E}.Release|Any CPU.Build.0 = Release|Any CPU
		{1FC2538A-602B-455B-BFE8-9DFCA1A24601}.Debug|Any CPU.ActiveCfg = Debug|Any CPU
		{1FC2538A-602B-455B-BFE8-9DFCA1A24601}.Debug|Any CPU.Build.0 = Debug|Any CPU
		{1FC2538A-602B-455B-BFE8-9DFCA1A24601}.Release|Any CPU.ActiveCfg = Release|Any CPU
		{1FC2538A-602B-455B-BFE8-9DFCA1A24601}.Release|Any CPU.Build.0 = Release|Any CPU
		{DF77E259-7968-493B-A841-AB0EEC1DDD9E}.Debug|Any CPU.ActiveCfg = Debug|Any CPU
		{DF77E259-7968-493B-A841-AB0EEC1DDD9E}.Debug|Any CPU.Build.0 = Debug|Any CPU
		{DF77E259-7968-493B-A841-AB0EEC1DDD9E}.Release|Any CPU.ActiveCfg = Release|Any CPU
		{DF77E259-7968-493B-A841-AB0EEC1DDD9E}.Release|Any CPU.Build.0 = Release|Any CPU
		{3E2C610C-7090-4816-898C-BE341AE4F51E}.Debug|Any CPU.ActiveCfg = Debug|Any CPU
		{3E2C610C-7090-4816-898C-BE341AE4F51E}.Debug|Any CPU.Build.0 = Debug|Any CPU
		{3E2C610C-7090-4816-898C-BE341AE4F51E}.Release|Any CPU.ActiveCfg = Release|Any CPU
		{3E2C610C-7090-4816-898C-BE341AE4F51E}.Release|Any CPU.Build.0 = Release|Any CPU
		{71683A79-DCDB-48D5-A8C5-12ADF41557A0}.Debug|Any CPU.ActiveCfg = Debug|Any CPU
		{71683A79-DCDB-48D5-A8C5-12ADF41557A0}.Debug|Any CPU.Build.0 = Debug|Any CPU
		{71683A79-DCDB-48D5-A8C5-12ADF41557A0}.Release|Any CPU.ActiveCfg = Release|Any CPU
		{71683A79-DCDB-48D5-A8C5-12ADF41557A0}.Release|Any CPU.Build.0 = Release|Any CPU
	EndGlobalSection
	GlobalSection(SolutionProperties) = preSolution
		HideSolutionNode = FALSE
	EndGlobalSection
	GlobalSection(ExtensibilityGlobals) = postSolution
		SolutionGuid = {07825C71-200B-4486-9C79-CD87F466B305}
	EndGlobalSection
EndGlobal
